// !$*UTF8*$!
{
	archiveVersion = 1;
	classes = {
	};
	objectVersion = 48;
	objects = {

/* Begin PBXBuildFile section */
		0E5D8E02CEED91E0D32DC33F /* libPods-HBTabbarFrame.a in Frameworks */ = {isa = PBXBuildFile; fileRef = 0BB80A6841BA9C3EA5B6D019 /* libPods-HBTabbarFrame.a */; };
		4DAF23E21FC5639F00906FDA /* AppDelegate.m in Sources */ = {isa = PBXBuildFile; fileRef = 4DAF23E11FC5639F00906FDA /* AppDelegate.m */; };
		4DAF23EA1FC5639F00906FDA /* Assets.xcassets in Resources */ = {isa = PBXBuildFile; fileRef = 4DAF23E91FC5639F00906FDA /* Assets.xcassets */; };
		4DAF23ED1FC5639F00906FDA /* LaunchScreen.storyboard in Resources */ = {isa = PBXBuildFile; fileRef = 4DAF23EB1FC5639F00906FDA /* LaunchScreen.storyboard */; };
		4DAF23F01FC5639F00906FDA /* main.m in Sources */ = {isa = PBXBuildFile; fileRef = 4DAF23EF1FC5639F00906FDA /* main.m */; };
		4DAF23FA1FC563A000906FDA /* HBTabbarFrameTests.m in Sources */ = {isa = PBXBuildFile; fileRef = 4DAF23F91FC563A000906FDA /* HBTabbarFrameTests.m */; };
		4DAF24051FC563A000906FDA /* HBTabbarFrameUITests.m in Sources */ = {isa = PBXBuildFile; fileRef = 4DAF24041FC563A000906FDA /* HBTabbarFrameUITests.m */; };
		FBECC1D91FD13F3E008FFB87 /* HBRefreshNormalHeader.m in Sources */ = {isa = PBXBuildFile; fileRef = FBECC1931FD13F3E008FFB87 /* HBRefreshNormalHeader.m */; };
		FBECC1DA1FD13F3E008FFB87 /* UITableView+Refersh.m in Sources */ = {isa = PBXBuildFile; fileRef = FBECC1941FD13F3E008FFB87 /* UITableView+Refersh.m */; };
		FBECC1DB1FD13F3E008FFB87 /* HBRefreshAutoNormalFooter.m in Sources */ = {isa = PBXBuildFile; fileRef = FBECC1951FD13F3E008FFB87 /* HBRefreshAutoNormalFooter.m */; };
		FBECC1DC1FD13F3E008FFB87 /* HBAlertToastView.m in Sources */ = {isa = PBXBuildFile; fileRef = FBECC19A1FD13F3E008FFB87 /* HBAlertToastView.m */; };
		FBECC1DD1FD13F3E008FFB87 /* HBPromptView.m in Sources */ = {isa = PBXBuildFile; fileRef = FBECC19B1FD13F3E008FFB87 /* HBPromptView.m */; };
		FBECC1DE1FD13F3E008FFB87 /* HBHUD.m in Sources */ = {isa = PBXBuildFile; fileRef = FBECC19C1FD13F3E008FFB87 /* HBHUD.m */; };
		FBECC1DF1FD13F3E008FFB87 /* HBReachability.m in Sources */ = {isa = PBXBuildFile; fileRef = FBECC1A01FD13F3E008FFB87 /* HBReachability.m */; };
		FBECC1E01FD13F3E008FFB87 /* HBNetwork.m in Sources */ = {isa = PBXBuildFile; fileRef = FBECC1A11FD13F3E008FFB87 /* HBNetwork.m */; };
		FBECC1E11FD13F3E008FFB87 /* HBUtils.m in Sources */ = {isa = PBXBuildFile; fileRef = FBECC1A51FD13F3E008FFB87 /* HBUtils.m */; };
		FBECC1E21FD13F3E008FFB87 /* HBAlertView.m in Sources */ = {isa = PBXBuildFile; fileRef = FBECC1A71FD13F3E008FFB87 /* HBAlertView.m */; };
		FBECC1E31FD13F3E008FFB87 /* HBWeakTimer.m in Sources */ = {isa = PBXBuildFile; fileRef = FBECC1AA1FD13F3E008FFB87 /* HBWeakTimer.m */; };
		FBECC1E41FD13F3E008FFB87 /* NSString+Tools.m in Sources */ = {isa = PBXBuildFile; fileRef = FBECC1AC1FD13F3E008FFB87 /* NSString+Tools.m */; };
		FBECC1E51FD13F3E008FFB87 /* UIColor+Hex.m in Sources */ = {isa = PBXBuildFile; fileRef = FBECC1AD1FD13F3E008FFB87 /* UIColor+Hex.m */; };
		FBECC1E61FD13F3E008FFB87 /* UIView+Frame.m in Sources */ = {isa = PBXBuildFile; fileRef = FBECC1AE1FD13F3E008FFB87 /* UIView+Frame.m */; };
		FBECC1E71FD13F3E008FFB87 /* NSDateFormatter+singleton.m in Sources */ = {isa = PBXBuildFile; fileRef = FBECC1AF1FD13F3E008FFB87 /* NSDateFormatter+singleton.m */; };
		FBECC1E81FD13F3E008FFB87 /* NSObject+Help.m in Sources */ = {isa = PBXBuildFile; fileRef = FBECC1B31FD13F3E008FFB87 /* NSObject+Help.m */; };
		FBECC1E91FD13F3E008FFB87 /* HBMeViewController.m in Sources */ = {isa = PBXBuildFile; fileRef = FBECC1BA1FD13F3E008FFB87 /* HBMeViewController.m */; };
		FBECC1EA1FD13F3E008FFB87 /* HBTestViewController.m in Sources */ = {isa = PBXBuildFile; fileRef = FBECC1BD1FD13F3E008FFB87 /* HBTestViewController.m */; };
		FBECC1EB1FD13F3E008FFB87 /* HBMainViewController.m in Sources */ = {isa = PBXBuildFile; fileRef = FBECC1BE1FD13F3E008FFB87 /* HBMainViewController.m */; };
		FBECC1EC1FD13F3E008FFB87 /* HBFrameConfig.m in Sources */ = {isa = PBXBuildFile; fileRef = FBECC1C51FD13F3E008FFB87 /* HBFrameConfig.m */; };
		FBECC1ED1FD13F3E008FFB87 /* HBPreferences.m in Sources */ = {isa = PBXBuildFile; fileRef = FBECC1C71FD13F3E008FFB87 /* HBPreferences.m */; };
		FBECC1EE1FD13F3E008FFB87 /* HBNavigationController.m in Sources */ = {isa = PBXBuildFile; fileRef = FBECC1C91FD13F3E008FFB87 /* HBNavigationController.m */; };
		FBECC1EF1FD13F3E008FFB87 /* HBViewController.m in Sources */ = {isa = PBXBuildFile; fileRef = FBECC1CC1FD13F3E008FFB87 /* HBViewController.m */; };
		FBECC1F01FD13F3E008FFB87 /* HBTabBarItemProperty.m in Sources */ = {isa = PBXBuildFile; fileRef = FBECC1D01FD13F3E008FFB87 /* HBTabBarItemProperty.m */; };
		FBECC1F11FD13F3E008FFB87 /* HBTabBarController.m in Sources */ = {isa = PBXBuildFile; fileRef = FBECC1D11FD13F3E008FFB87 /* HBTabBarController.m */; };
		FBECC1F21FD13F3E008FFB87 /* HBTabBarControllerMange.m in Sources */ = {isa = PBXBuildFile; fileRef = FBECC1D21FD13F3E008FFB87 /* HBTabBarControllerMange.m */; };
		FBECC1F31FD13F3E008FFB87 /* HBTabBarConfig.plist in Resources */ = {isa = PBXBuildFile; fileRef = FBECC1D31FD13F3E008FFB87 /* HBTabBarConfig.plist */; };
		FBECC1F41FD13F3E008FFB87 /* HBTabBarCenterItem.m in Sources */ = {isa = PBXBuildFile; fileRef = FBECC1D41FD13F3E008FFB87 /* HBTabBarCenterItem.m */; };
		FBECC1F51FD13F3E008FFB87 /* HBTabBar.m in Sources */ = {isa = PBXBuildFile; fileRef = FBECC1D61FD13F3E008FFB87 /* HBTabBar.m */; };
/* End PBXBuildFile section */

/* Begin PBXContainerItemProxy section */
		4DAF23F61FC563A000906FDA /* PBXContainerItemProxy */ = {
			isa = PBXContainerItemProxy;
			containerPortal = 4DAF23D51FC5639F00906FDA /* Project object */;
			proxyType = 1;
			remoteGlobalIDString = 4DAF23DC1FC5639F00906FDA;
			remoteInfo = HBTabbarFrame;
		};
		4DAF24011FC563A000906FDA /* PBXContainerItemProxy */ = {
			isa = PBXContainerItemProxy;
			containerPortal = 4DAF23D51FC5639F00906FDA /* Project object */;
			proxyType = 1;
			remoteGlobalIDString = 4DAF23DC1FC5639F00906FDA;
			remoteInfo = HBTabbarFrame;
		};
/* End PBXContainerItemProxy section */

/* Begin PBXFileReference section */
		0BB80A6841BA9C3EA5B6D019 /* libPods-HBTabbarFrame.a */ = {isa = PBXFileReference; explicitFileType = archive.ar; includeInIndex = 0; path = "libPods-HBTabbarFrame.a"; sourceTree = BUILT_PRODUCTS_DIR; };
		198585B2357C9B023C157D0D /* libPods-HBTabbarFrameTests.a */ = {isa = PBXFileReference; explicitFileType = archive.ar; includeInIndex = 0; path = "libPods-HBTabbarFrameTests.a"; sourceTree = BUILT_PRODUCTS_DIR; };
		4D297AF56F4B815BE9D2DFCD /* Pods-HBTabbarFrame.release.xcconfig */ = {isa = PBXFileReference; includeInIndex = 1; lastKnownFileType = text.xcconfig; name = "Pods-HBTabbarFrame.release.xcconfig"; path = "Pods/Target Support Files/Pods-HBTabbarFrame/Pods-HBTabbarFrame.release.xcconfig"; sourceTree = "<group>"; };
		4DAF23DD1FC5639F00906FDA /* HBTabbarFrame.app */ = {isa = PBXFileReference; explicitFileType = wrapper.application; includeInIndex = 0; path = HBTabbarFrame.app; sourceTree = BUILT_PRODUCTS_DIR; };
		4DAF23E01FC5639F00906FDA /* AppDelegate.h */ = {isa = PBXFileReference; lastKnownFileType = sourcecode.c.h; path = AppDelegate.h; sourceTree = "<group>"; };
		4DAF23E11FC5639F00906FDA /* AppDelegate.m */ = {isa = PBXFileReference; lastKnownFileType = sourcecode.c.objc; path = AppDelegate.m; sourceTree = "<group>"; };
		4DAF23E91FC5639F00906FDA /* Assets.xcassets */ = {isa = PBXFileReference; lastKnownFileType = folder.assetcatalog; path = Assets.xcassets; sourceTree = "<group>"; };
		4DAF23EC1FC5639F00906FDA /* Base */ = {isa = PBXFileReference; lastKnownFileType = file.storyboard; name = Base; path = Base.lproj/LaunchScreen.storyboard; sourceTree = "<group>"; };
		4DAF23EE1FC5639F00906FDA /* Info.plist */ = {isa = PBXFileReference; lastKnownFileType = text.plist.xml; path = Info.plist; sourceTree = "<group>"; };
		4DAF23EF1FC5639F00906FDA /* main.m */ = {isa = PBXFileReference; lastKnownFileType = sourcecode.c.objc; path = main.m; sourceTree = "<group>"; };
		4DAF23F51FC563A000906FDA /* HBTabbarFrameTests.xctest */ = {isa = PBXFileReference; explicitFileType = wrapper.cfbundle; includeInIndex = 0; path = HBTabbarFrameTests.xctest; sourceTree = BUILT_PRODUCTS_DIR; };
		4DAF23F91FC563A000906FDA /* HBTabbarFrameTests.m */ = {isa = PBXFileReference; lastKnownFileType = sourcecode.c.objc; path = HBTabbarFrameTests.m; sourceTree = "<group>"; };
		4DAF23FB1FC563A000906FDA /* Info.plist */ = {isa = PBXFileReference; lastKnownFileType = text.plist.xml; path = Info.plist; sourceTree = "<group>"; };
		4DAF24001FC563A000906FDA /* HBTabbarFrameUITests.xctest */ = {isa = PBXFileReference; explicitFileType = wrapper.cfbundle; includeInIndex = 0; path = HBTabbarFrameUITests.xctest; sourceTree = BUILT_PRODUCTS_DIR; };
		4DAF24041FC563A000906FDA /* HBTabbarFrameUITests.m */ = {isa = PBXFileReference; lastKnownFileType = sourcecode.c.objc; path = HBTabbarFrameUITests.m; sourceTree = "<group>"; };
		4DAF24061FC563A000906FDA /* Info.plist */ = {isa = PBXFileReference; lastKnownFileType = text.plist.xml; path = Info.plist; sourceTree = "<group>"; };
		878C245B243AF2F1E5C8B64D /* Pods-HBTabbarFrame.debug.xcconfig */ = {isa = PBXFileReference; includeInIndex = 1; lastKnownFileType = text.xcconfig; name = "Pods-HBTabbarFrame.debug.xcconfig"; path = "Pods/Target Support Files/Pods-HBTabbarFrame/Pods-HBTabbarFrame.debug.xcconfig"; sourceTree = "<group>"; };
		B231B9E7341ED12CE4D6DEB9 /* libPods-HBTabbarFrameUITests.a */ = {isa = PBXFileReference; explicitFileType = archive.ar; includeInIndex = 0; path = "libPods-HBTabbarFrameUITests.a"; sourceTree = BUILT_PRODUCTS_DIR; };
		FBECC1921FD13F3E008FFB87 /* HBRefreshAutoNormalFooter.h */ = {isa = PBXFileReference; fileEncoding = 4; lastKnownFileType = sourcecode.c.h; path = HBRefreshAutoNormalFooter.h; sourceTree = "<group>"; };
		FBECC1931FD13F3E008FFB87 /* HBRefreshNormalHeader.m */ = {isa = PBXFileReference; fileEncoding = 4; lastKnownFileType = sourcecode.c.objc; path = HBRefreshNormalHeader.m; sourceTree = "<group>"; };
		FBECC1941FD13F3E008FFB87 /* UITableView+Refersh.m */ = {isa = PBXFileReference; fileEncoding = 4; lastKnownFileType = sourcecode.c.objc; path = "UITableView+Refersh.m"; sourceTree = "<group>"; };
		FBECC1951FD13F3E008FFB87 /* HBRefreshAutoNormalFooter.m */ = {isa = PBXFileReference; fileEncoding = 4; lastKnownFileType = sourcecode.c.objc; path = HBRefreshAutoNormalFooter.m; sourceTree = "<group>"; };
		FBECC1961FD13F3E008FFB87 /* HBRefreshNormalHeader.h */ = {isa = PBXFileReference; fileEncoding = 4; lastKnownFileType = sourcecode.c.h; path = HBRefreshNormalHeader.h; sourceTree = "<group>"; };
		FBECC1971FD13F3E008FFB87 /* UITableView+Refersh.h */ = {isa = PBXFileReference; fileEncoding = 4; lastKnownFileType = sourcecode.c.h; path = "UITableView+Refersh.h"; sourceTree = "<group>"; };
		FBECC1991FD13F3E008FFB87 /* HBHUD.h */ = {isa = PBXFileReference; fileEncoding = 4; lastKnownFileType = sourcecode.c.h; path = HBHUD.h; sourceTree = "<group>"; };
		FBECC19A1FD13F3E008FFB87 /* HBAlertToastView.m */ = {isa = PBXFileReference; fileEncoding = 4; lastKnownFileType = sourcecode.c.objc; path = HBAlertToastView.m; sourceTree = "<group>"; };
		FBECC19B1FD13F3E008FFB87 /* HBPromptView.m */ = {isa = PBXFileReference; fileEncoding = 4; lastKnownFileType = sourcecode.c.objc; path = HBPromptView.m; sourceTree = "<group>"; };
		FBECC19C1FD13F3E008FFB87 /* HBHUD.m */ = {isa = PBXFileReference; fileEncoding = 4; lastKnownFileType = sourcecode.c.objc; path = HBHUD.m; sourceTree = "<group>"; };
		FBECC19D1FD13F3E008FFB87 /* HBPromptView.h */ = {isa = PBXFileReference; fileEncoding = 4; lastKnownFileType = sourcecode.c.h; path = HBPromptView.h; sourceTree = "<group>"; };
		FBECC19E1FD13F3E008FFB87 /* HBAlertToastView.h */ = {isa = PBXFileReference; fileEncoding = 4; lastKnownFileType = sourcecode.c.h; path = HBAlertToastView.h; sourceTree = "<group>"; };
		FBECC1A01FD13F3E008FFB87 /* HBReachability.m */ = {isa = PBXFileReference; fileEncoding = 4; lastKnownFileType = sourcecode.c.objc; path = HBReachability.m; sourceTree = "<group>"; };
		FBECC1A11FD13F3E008FFB87 /* HBNetwork.m */ = {isa = PBXFileReference; fileEncoding = 4; lastKnownFileType = sourcecode.c.objc; path = HBNetwork.m; sourceTree = "<group>"; };
		FBECC1A21FD13F3E008FFB87 /* HBReachability.h */ = {isa = PBXFileReference; fileEncoding = 4; lastKnownFileType = sourcecode.c.h; path = HBReachability.h; sourceTree = "<group>"; };
		FBECC1A31FD13F3E008FFB87 /* HBNetwork.h */ = {isa = PBXFileReference; fileEncoding = 4; lastKnownFileType = sourcecode.c.h; path = HBNetwork.h; sourceTree = "<group>"; };
		FBECC1A51FD13F3E008FFB87 /* HBUtils.m */ = {isa = PBXFileReference; fileEncoding = 4; lastKnownFileType = sourcecode.c.objc; path = HBUtils.m; sourceTree = "<group>"; };
		FBECC1A61FD13F3E008FFB87 /* HBWeakTimer.h */ = {isa = PBXFileReference; fileEncoding = 4; lastKnownFileType = sourcecode.c.h; path = HBWeakTimer.h; sourceTree = "<group>"; };
		FBECC1A71FD13F3E008FFB87 /* HBAlertView.m */ = {isa = PBXFileReference; fileEncoding = 4; lastKnownFileType = sourcecode.c.objc; path = HBAlertView.m; sourceTree = "<group>"; };
		FBECC1A81FD13F3E008FFB87 /* HBUtils.h */ = {isa = PBXFileReference; fileEncoding = 4; lastKnownFileType = sourcecode.c.h; path = HBUtils.h; sourceTree = "<group>"; };
		FBECC1A91FD13F3E008FFB87 /* HBAlertView.h */ = {isa = PBXFileReference; fileEncoding = 4; lastKnownFileType = sourcecode.c.h; path = HBAlertView.h; sourceTree = "<group>"; };
		FBECC1AA1FD13F3E008FFB87 /* HBWeakTimer.m */ = {isa = PBXFileReference; fileEncoding = 4; lastKnownFileType = sourcecode.c.objc; path = HBWeakTimer.m; sourceTree = "<group>"; };
		FBECC1AC1FD13F3E008FFB87 /* NSString+Tools.m */ = {isa = PBXFileReference; fileEncoding = 4; lastKnownFileType = sourcecode.c.objc; path = "NSString+Tools.m"; sourceTree = "<group>"; };
		FBECC1AD1FD13F3E008FFB87 /* UIColor+Hex.m */ = {isa = PBXFileReference; fileEncoding = 4; lastKnownFileType = sourcecode.c.objc; path = "UIColor+Hex.m"; sourceTree = "<group>"; };
		FBECC1AE1FD13F3E008FFB87 /* UIView+Frame.m */ = {isa = PBXFileReference; fileEncoding = 4; lastKnownFileType = sourcecode.c.objc; path = "UIView+Frame.m"; sourceTree = "<group>"; };
		FBECC1AF1FD13F3E008FFB87 /* NSDateFormatter+singleton.m */ = {isa = PBXFileReference; fileEncoding = 4; lastKnownFileType = sourcecode.c.objc; path = "NSDateFormatter+singleton.m"; sourceTree = "<group>"; };
		FBECC1B01FD13F3E008FFB87 /* NSObject+Help.h */ = {isa = PBXFileReference; fileEncoding = 4; lastKnownFileType = sourcecode.c.h; path = "NSObject+Help.h"; sourceTree = "<group>"; };
		FBECC1B11FD13F3E008FFB87 /* NSString+Tools.h */ = {isa = PBXFileReference; fileEncoding = 4; lastKnownFileType = sourcecode.c.h; path = "NSString+Tools.h"; sourceTree = "<group>"; };
		FBECC1B21FD13F3E008FFB87 /* UIColor+Hex.h */ = {isa = PBXFileReference; fileEncoding = 4; lastKnownFileType = sourcecode.c.h; path = "UIColor+Hex.h"; sourceTree = "<group>"; };
		FBECC1B31FD13F3E008FFB87 /* NSObject+Help.m */ = {isa = PBXFileReference; fileEncoding = 4; lastKnownFileType = sourcecode.c.objc; path = "NSObject+Help.m"; sourceTree = "<group>"; };
		FBECC1B41FD13F3E008FFB87 /* NSDateFormatter+singleton.h */ = {isa = PBXFileReference; fileEncoding = 4; lastKnownFileType = sourcecode.c.h; path = "NSDateFormatter+singleton.h"; sourceTree = "<group>"; };
		FBECC1B51FD13F3E008FFB87 /* UIView+Frame.h */ = {isa = PBXFileReference; fileEncoding = 4; lastKnownFileType = sourcecode.c.h; path = "UIView+Frame.h"; sourceTree = "<group>"; };
		FBECC1B91FD13F3E008FFB87 /* HBMeViewController.h */ = {isa = PBXFileReference; fileEncoding = 4; lastKnownFileType = sourcecode.c.h; path = HBMeViewController.h; sourceTree = "<group>"; };
		FBECC1BA1FD13F3E008FFB87 /* HBMeViewController.m */ = {isa = PBXFileReference; fileEncoding = 4; lastKnownFileType = sourcecode.c.objc; path = HBMeViewController.m; sourceTree = "<group>"; };
		FBECC1BD1FD13F3E008FFB87 /* HBTestViewController.m */ = {isa = PBXFileReference; fileEncoding = 4; lastKnownFileType = sourcecode.c.objc; path = HBTestViewController.m; sourceTree = "<group>"; };
		FBECC1BE1FD13F3E008FFB87 /* HBMainViewController.m */ = {isa = PBXFileReference; fileEncoding = 4; lastKnownFileType = sourcecode.c.objc; path = HBMainViewController.m; sourceTree = "<group>"; };
		FBECC1BF1FD13F3E008FFB87 /* HBTestViewController.h */ = {isa = PBXFileReference; fileEncoding = 4; lastKnownFileType = sourcecode.c.h; path = HBTestViewController.h; sourceTree = "<group>"; };
		FBECC1C01FD13F3E008FFB87 /* HBMainViewController.h */ = {isa = PBXFileReference; fileEncoding = 4; lastKnownFileType = sourcecode.c.h; path = HBMainViewController.h; sourceTree = "<group>"; };
		FBECC1C31FD13F3E008FFB87 /* HBDefines.h */ = {isa = PBXFileReference; fileEncoding = 4; lastKnownFileType = sourcecode.c.h; path = HBDefines.h; sourceTree = "<group>"; };
		FBECC1C41FD13F3E008FFB87 /* HBPreferences.h */ = {isa = PBXFileReference; fileEncoding = 4; lastKnownFileType = sourcecode.c.h; path = HBPreferences.h; sourceTree = "<group>"; };
		FBECC1C51FD13F3E008FFB87 /* HBFrameConfig.m */ = {isa = PBXFileReference; fileEncoding = 4; lastKnownFileType = sourcecode.c.objc; path = HBFrameConfig.m; sourceTree = "<group>"; };
		FBECC1C61FD13F3E008FFB87 /* HBFrameConfig.h */ = {isa = PBXFileReference; fileEncoding = 4; lastKnownFileType = sourcecode.c.h; path = HBFrameConfig.h; sourceTree = "<group>"; };
		FBECC1C71FD13F3E008FFB87 /* HBPreferences.m */ = {isa = PBXFileReference; fileEncoding = 4; lastKnownFileType = sourcecode.c.objc; path = HBPreferences.m; sourceTree = "<group>"; };
		FBECC1C91FD13F3E008FFB87 /* HBNavigationController.m */ = {isa = PBXFileReference; fileEncoding = 4; lastKnownFileType = sourcecode.c.objc; path = HBNavigationController.m; sourceTree = "<group>"; };
		FBECC1CA1FD13F3E008FFB87 /* HBViewController.h */ = {isa = PBXFileReference; fileEncoding = 4; lastKnownFileType = sourcecode.c.h; path = HBViewController.h; sourceTree = "<group>"; };
		FBECC1CB1FD13F3E008FFB87 /* HBNavigationController.h */ = {isa = PBXFileReference; fileEncoding = 4; lastKnownFileType = sourcecode.c.h; path = HBNavigationController.h; sourceTree = "<group>"; };
		FBECC1CC1FD13F3E008FFB87 /* HBViewController.m */ = {isa = PBXFileReference; fileEncoding = 4; lastKnownFileType = sourcecode.c.objc; path = HBViewController.m; sourceTree = "<group>"; };
		FBECC1CE1FD13F3E008FFB87 /* HBTabBarCenterItem.h */ = {isa = PBXFileReference; fileEncoding = 4; lastKnownFileType = sourcecode.c.h; path = HBTabBarCenterItem.h; sourceTree = "<group>"; };
		FBECC1CF1FD13F3E008FFB87 /* HBTabBar.h */ = {isa = PBXFileReference; fileEncoding = 4; lastKnownFileType = sourcecode.c.h; path = HBTabBar.h; sourceTree = "<group>"; };
		FBECC1D01FD13F3E008FFB87 /* HBTabBarItemProperty.m */ = {isa = PBXFileReference; fileEncoding = 4; lastKnownFileType = sourcecode.c.objc; path = HBTabBarItemProperty.m; sourceTree = "<group>"; };
		FBECC1D11FD13F3E008FFB87 /* HBTabBarController.m */ = {isa = PBXFileReference; fileEncoding = 4; lastKnownFileType = sourcecode.c.objc; path = HBTabBarController.m; sourceTree = "<group>"; };
		FBECC1D21FD13F3E008FFB87 /* HBTabBarControllerMange.m */ = {isa = PBXFileReference; fileEncoding = 4; lastKnownFileType = sourcecode.c.objc; path = HBTabBarControllerMange.m; sourceTree = "<group>"; };
		FBECC1D31FD13F3E008FFB87 /* HBTabBarConfig.plist */ = {isa = PBXFileReference; fileEncoding = 4; lastKnownFileType = text.plist.xml; path = HBTabBarConfig.plist; sourceTree = "<group>"; };
		FBECC1D41FD13F3E008FFB87 /* HBTabBarCenterItem.m */ = {isa = PBXFileReference; fileEncoding = 4; lastKnownFileType = sourcecode.c.objc; path = HBTabBarCenterItem.m; sourceTree = "<group>"; };
		FBECC1D51FD13F3E008FFB87 /* HBTabBarItemProperty.h */ = {isa = PBXFileReference; fileEncoding = 4; lastKnownFileType = sourcecode.c.h; path = HBTabBarItemProperty.h; sourceTree = "<group>"; };
		FBECC1D61FD13F3E008FFB87 /* HBTabBar.m */ = {isa = PBXFileReference; fileEncoding = 4; lastKnownFileType = sourcecode.c.objc; path = HBTabBar.m; sourceTree = "<group>"; };
		FBECC1D71FD13F3E008FFB87 /* HBTabBarController.h */ = {isa = PBXFileReference; fileEncoding = 4; lastKnownFileType = sourcecode.c.h; path = HBTabBarController.h; sourceTree = "<group>"; };
		FBECC1D81FD13F3E008FFB87 /* HBTabBarControllerMange.h */ = {isa = PBXFileReference; fileEncoding = 4; lastKnownFileType = sourcecode.c.h; path = HBTabBarControllerMange.h; sourceTree = "<group>"; };
/* End PBXFileReference section */

/* Begin PBXFrameworksBuildPhase section */
		4DAF23DA1FC5639F00906FDA /* Frameworks */ = {
			isa = PBXFrameworksBuildPhase;
			buildActionMask = 2147483647;
			files = (
				0E5D8E02CEED91E0D32DC33F /* libPods-HBTabbarFrame.a in Frameworks */,
			);
			runOnlyForDeploymentPostprocessing = 0;
		};
		4DAF23F21FC563A000906FDA /* Frameworks */ = {
			isa = PBXFrameworksBuildPhase;
			buildActionMask = 2147483647;
			files = (
			);
			runOnlyForDeploymentPostprocessing = 0;
		};
		4DAF23FD1FC563A000906FDA /* Frameworks */ = {
			isa = PBXFrameworksBuildPhase;
			buildActionMask = 2147483647;
			files = (
			);
			runOnlyForDeploymentPostprocessing = 0;
		};
/* End PBXFrameworksBuildPhase section */

/* Begin PBXGroup section */
		12CACC17D04753CB07C33F85 /* Frameworks */ = {
			isa = PBXGroup;
			children = (
				0BB80A6841BA9C3EA5B6D019 /* libPods-HBTabbarFrame.a */,
				198585B2357C9B023C157D0D /* libPods-HBTabbarFrameTests.a */,
				B231B9E7341ED12CE4D6DEB9 /* libPods-HBTabbarFrameUITests.a */,
			);
			name = Frameworks;
			sourceTree = "<group>";
		};
		4DAF23D41FC5639F00906FDA = {
			isa = PBXGroup;
			children = (
				4DAF23DF1FC5639F00906FDA /* HBTabbarFrame */,
				4DAF23F81FC563A000906FDA /* HBTabbarFrameTests */,
				4DAF24031FC563A000906FDA /* HBTabbarFrameUITests */,
				4DAF23DE1FC5639F00906FDA /* Products */,
				4EF897C7B69FDFDE24B2EF21 /* Pods */,
				12CACC17D04753CB07C33F85 /* Frameworks */,
			);
			sourceTree = "<group>";
		};
		4DAF23DE1FC5639F00906FDA /* Products */ = {
			isa = PBXGroup;
			children = (
				4DAF23DD1FC5639F00906FDA /* HBTabbarFrame.app */,
				4DAF23F51FC563A000906FDA /* HBTabbarFrameTests.xctest */,
				4DAF24001FC563A000906FDA /* HBTabbarFrameUITests.xctest */,
			);
			name = Products;
			sourceTree = "<group>";
		};
		4DAF23DF1FC5639F00906FDA /* HBTabbarFrame */ = {
			isa = PBXGroup;
			children = (
				4DAF23E01FC5639F00906FDA /* AppDelegate.h */,
				4DAF23E11FC5639F00906FDA /* AppDelegate.m */,
				4DAF23E91FC5639F00906FDA /* Assets.xcassets */,
				4DAF23EB1FC5639F00906FDA /* LaunchScreen.storyboard */,
				4DAF23EE1FC5639F00906FDA /* Info.plist */,
				4DAF23EF1FC5639F00906FDA /* main.m */,
				FBECC18F1FD13F3E008FFB87 /* Classes */,
			);
			path = HBTabbarFrame;
			sourceTree = "<group>";
		};
		4DAF23F81FC563A000906FDA /* HBTabbarFrameTests */ = {
			isa = PBXGroup;
			children = (
				4DAF23F91FC563A000906FDA /* HBTabbarFrameTests.m */,
				4DAF23FB1FC563A000906FDA /* Info.plist */,
			);
			path = HBTabbarFrameTests;
			sourceTree = "<group>";
		};
		4DAF24031FC563A000906FDA /* HBTabbarFrameUITests */ = {
			isa = PBXGroup;
			children = (
				4DAF24041FC563A000906FDA /* HBTabbarFrameUITests.m */,
				4DAF24061FC563A000906FDA /* Info.plist */,
			);
			path = HBTabbarFrameUITests;
			sourceTree = "<group>";
		};
		4EF897C7B69FDFDE24B2EF21 /* Pods */ = {
			isa = PBXGroup;
			children = (
				878C245B243AF2F1E5C8B64D /* Pods-HBTabbarFrame.debug.xcconfig */,
				4D297AF56F4B815BE9D2DFCD /* Pods-HBTabbarFrame.release.xcconfig */,
			);
			name = Pods;
			sourceTree = "<group>";
		};
		FBECC18F1FD13F3E008FFB87 /* Classes */ = {
			isa = PBXGroup;
			children = (
				FBECC1C11FD13F3E008FFB87 /* BaseFramework */,
				FBECC1B61FD13F3E008FFB87 /* Bussiness */,
				FBECC1901FD13F3E008FFB87 /* MiddleWare */,
				FBECC1A41FD13F3E008FFB87 /* CustomUtils */,
				FBECC1AB1FD13F3E008FFB87 /* CustomKit */,
				FBECC1CD1FD13F3E008FFB87 /* RootViewController */,
			);
			path = Classes;
			sourceTree = "<group>";
		};
		FBECC1901FD13F3E008FFB87 /* MiddleWare */ = {
			isa = PBXGroup;
			children = (
				FBECC1911FD13F3E008FFB87 /* HBRefersh */,
				FBECC1981FD13F3E008FFB87 /* HBHUD */,
				FBECC19F1FD13F3E008FFB87 /* HBNetWork */,
			);
			path = MiddleWare;
			sourceTree = "<group>";
		};
		FBECC1911FD13F3E008FFB87 /* HBRefersh */ = {
			isa = PBXGroup;
			children = (
				FBECC1921FD13F3E008FFB87 /* HBRefreshAutoNormalFooter.h */,
				FBECC1931FD13F3E008FFB87 /* HBRefreshNormalHeader.m */,
				FBECC1941FD13F3E008FFB87 /* UITableView+Refersh.m */,
				FBECC1951FD13F3E008FFB87 /* HBRefreshAutoNormalFooter.m */,
				FBECC1961FD13F3E008FFB87 /* HBRefreshNormalHeader.h */,
				FBECC1971FD13F3E008FFB87 /* UITableView+Refersh.h */,
			);
			path = HBRefersh;
			sourceTree = "<group>";
		};
		FBECC1981FD13F3E008FFB87 /* HBHUD */ = {
			isa = PBXGroup;
			children = (
				FBECC1991FD13F3E008FFB87 /* HBHUD.h */,
				FBECC19A1FD13F3E008FFB87 /* HBAlertToastView.m */,
				FBECC19B1FD13F3E008FFB87 /* HBPromptView.m */,
				FBECC19C1FD13F3E008FFB87 /* HBHUD.m */,
				FBECC19D1FD13F3E008FFB87 /* HBPromptView.h */,
				FBECC19E1FD13F3E008FFB87 /* HBAlertToastView.h */,
			);
			path = HBHUD;
			sourceTree = "<group>";
		};
		FBECC19F1FD13F3E008FFB87 /* HBNetWork */ = {
			isa = PBXGroup;
			children = (
				FBECC1A01FD13F3E008FFB87 /* HBReachability.m */,
				FBECC1A11FD13F3E008FFB87 /* HBNetwork.m */,
				FBECC1A21FD13F3E008FFB87 /* HBReachability.h */,
				FBECC1A31FD13F3E008FFB87 /* HBNetwork.h */,
			);
			path = HBNetWork;
			sourceTree = "<group>";
		};
		FBECC1A41FD13F3E008FFB87 /* CustomUtils */ = {
			isa = PBXGroup;
			children = (
				FBECC1A51FD13F3E008FFB87 /* HBUtils.m */,
				FBECC1A61FD13F3E008FFB87 /* HBWeakTimer.h */,
				FBECC1A71FD13F3E008FFB87 /* HBAlertView.m */,
				FBECC1A81FD13F3E008FFB87 /* HBUtils.h */,
				FBECC1A91FD13F3E008FFB87 /* HBAlertView.h */,
				FBECC1AA1FD13F3E008FFB87 /* HBWeakTimer.m */,
			);
			path = CustomUtils;
			sourceTree = "<group>";
		};
		FBECC1AB1FD13F3E008FFB87 /* CustomKit */ = {
			isa = PBXGroup;
			children = (
				FBECC1B01FD13F3E008FFB87 /* NSObject+Help.h */,
				FBECC1B31FD13F3E008FFB87 /* NSObject+Help.m */,
				FBECC1B11FD13F3E008FFB87 /* NSString+Tools.h */,
				FBECC1AC1FD13F3E008FFB87 /* NSString+Tools.m */,
				FBECC1B21FD13F3E008FFB87 /* UIColor+Hex.h */,
				FBECC1AD1FD13F3E008FFB87 /* UIColor+Hex.m */,
				FBECC1B51FD13F3E008FFB87 /* UIView+Frame.h */,
				FBECC1AE1FD13F3E008FFB87 /* UIView+Frame.m */,
				FBECC1B41FD13F3E008FFB87 /* NSDateFormatter+singleton.h */,
				FBECC1AF1FD13F3E008FFB87 /* NSDateFormatter+singleton.m */,
			);
			path = CustomKit;
			sourceTree = "<group>";
		};
		FBECC1B61FD13F3E008FFB87 /* Bussiness */ = {
			isa = PBXGroup;
			children = (
				FBECC1B71FD13F3E008FFB87 /* Me */,
				FBECC1BB1FD13F3E008FFB87 /* Main */,
			);
			path = Bussiness;
			sourceTree = "<group>";
		};
		FBECC1B71FD13F3E008FFB87 /* Me */ = {
			isa = PBXGroup;
			children = (
				FBECC1B81FD13F3E008FFB87 /* Controllers */,
			);
			path = Me;
			sourceTree = "<group>";
		};
		FBECC1B81FD13F3E008FFB87 /* Controllers */ = {
			isa = PBXGroup;
			children = (
				FBECC1B91FD13F3E008FFB87 /* HBMeViewController.h */,
				FBECC1BA1FD13F3E008FFB87 /* HBMeViewController.m */,
			);
			path = Controllers;
			sourceTree = "<group>";
		};
		FBECC1BB1FD13F3E008FFB87 /* Main */ = {
			isa = PBXGroup;
			children = (
				FBECC1BC1FD13F3E008FFB87 /* Controllers */,
			);
			path = Main;
			sourceTree = "<group>";
		};
		FBECC1BC1FD13F3E008FFB87 /* Controllers */ = {
			isa = PBXGroup;
			children = (
				FBECC1BF1FD13F3E008FFB87 /* HBTestViewController.h */,
				FBECC1BD1FD13F3E008FFB87 /* HBTestViewController.m */,
				FBECC1C01FD13F3E008FFB87 /* HBMainViewController.h */,
				FBECC1BE1FD13F3E008FFB87 /* HBMainViewController.m */,
			);
			path = Controllers;
			sourceTree = "<group>";
		};
		FBECC1C11FD13F3E008FFB87 /* BaseFramework */ = {
			isa = PBXGroup;
			children = (
				FBECC1C21FD13F3E008FFB87 /* HBGlobalConfig */,
				FBECC1C81FD13F3E008FFB87 /* HBCommonRoot */,
			);
			path = BaseFramework;
			sourceTree = "<group>";
		};
		FBECC1C21FD13F3E008FFB87 /* HBGlobalConfig */ = {
			isa = PBXGroup;
			children = (
				FBECC1C31FD13F3E008FFB87 /* HBDefines.h */,
				FBECC1C61FD13F3E008FFB87 /* HBFrameConfig.h */,
				FBECC1C51FD13F3E008FFB87 /* HBFrameConfig.m */,
				FBECC1C41FD13F3E008FFB87 /* HBPreferences.h */,
				FBECC1C71FD13F3E008FFB87 /* HBPreferences.m */,
			);
			path = HBGlobalConfig;
			sourceTree = "<group>";
		};
		FBECC1C81FD13F3E008FFB87 /* HBCommonRoot */ = {
			isa = PBXGroup;
			children = (
				FBECC1CB1FD13F3E008FFB87 /* HBNavigationController.h */,
				FBECC1C91FD13F3E008FFB87 /* HBNavigationController.m */,
				FBECC1CA1FD13F3E008FFB87 /* HBViewController.h */,
				FBECC1CC1FD13F3E008FFB87 /* HBViewController.m */,
			);
			path = HBCommonRoot;
			sourceTree = "<group>";
		};
		FBECC1CD1FD13F3E008FFB87 /* RootViewController */ = {
			isa = PBXGroup;
			children = (
				FBECC1D31FD13F3E008FFB87 /* HBTabBarConfig.plist */,
				FBECC1D71FD13F3E008FFB87 /* HBTabBarController.h */,
				FBECC1D11FD13F3E008FFB87 /* HBTabBarController.m */,
				FBECC1CF1FD13F3E008FFB87 /* HBTabBar.h */,
				FBECC1D61FD13F3E008FFB87 /* HBTabBar.m */,
				FBECC1CE1FD13F3E008FFB87 /* HBTabBarCenterItem.h */,
				FBECC1D41FD13F3E008FFB87 /* HBTabBarCenterItem.m */,
				FBECC1D51FD13F3E008FFB87 /* HBTabBarItemProperty.h */,
				FBECC1D01FD13F3E008FFB87 /* HBTabBarItemProperty.m */,
				FBECC1D81FD13F3E008FFB87 /* HBTabBarControllerMange.h */,
				FBECC1D21FD13F3E008FFB87 /* HBTabBarControllerMange.m */,
			);
			path = RootViewController;
			sourceTree = "<group>";
		};
/* End PBXGroup section */

/* Begin PBXNativeTarget section */
		4DAF23DC1FC5639F00906FDA /* HBTabbarFrame */ = {
			isa = PBXNativeTarget;
			buildConfigurationList = 4DAF24091FC563A000906FDA /* Build configuration list for PBXNativeTarget "HBTabbarFrame" */;
			buildPhases = (
				2230FFE9DAFDABD259FA537E /* [CP] Check Pods Manifest.lock */,
				4DAF23D91FC5639F00906FDA /* Sources */,
				4DAF23DA1FC5639F00906FDA /* Frameworks */,
				4DAF23DB1FC5639F00906FDA /* Resources */,
				293E9476E7199ED1E19F19B8 /* [CP] Embed Pods Frameworks */,
				98C1B727A47087F93C3B7A92 /* [CP] Copy Pods Resources */,
			);
			buildRules = (
			);
			dependencies = (
			);
			name = HBTabbarFrame;
			productName = HBTabbarFrame;
			productReference = 4DAF23DD1FC5639F00906FDA /* HBTabbarFrame.app */;
			productType = "com.apple.product-type.application";
		};
		4DAF23F41FC563A000906FDA /* HBTabbarFrameTests */ = {
			isa = PBXNativeTarget;
			buildConfigurationList = 4DAF240C1FC563A000906FDA /* Build configuration list for PBXNativeTarget "HBTabbarFrameTests" */;
			buildPhases = (
				4DAF23F11FC563A000906FDA /* Sources */,
				4DAF23F21FC563A000906FDA /* Frameworks */,
				4DAF23F31FC563A000906FDA /* Resources */,
			);
			buildRules = (
			);
			dependencies = (
				4DAF23F71FC563A000906FDA /* PBXTargetDependency */,
			);
			name = HBTabbarFrameTests;
			productName = HBTabbarFrameTests;
			productReference = 4DAF23F51FC563A000906FDA /* HBTabbarFrameTests.xctest */;
			productType = "com.apple.product-type.bundle.unit-test";
		};
		4DAF23FF1FC563A000906FDA /* HBTabbarFrameUITests */ = {
			isa = PBXNativeTarget;
			buildConfigurationList = 4DAF240F1FC563A000906FDA /* Build configuration list for PBXNativeTarget "HBTabbarFrameUITests" */;
			buildPhases = (
				4DAF23FC1FC563A000906FDA /* Sources */,
				4DAF23FD1FC563A000906FDA /* Frameworks */,
				4DAF23FE1FC563A000906FDA /* Resources */,
			);
			buildRules = (
			);
			dependencies = (
				4DAF24021FC563A000906FDA /* PBXTargetDependency */,
			);
			name = HBTabbarFrameUITests;
			productName = HBTabbarFrameUITests;
			productReference = 4DAF24001FC563A000906FDA /* HBTabbarFrameUITests.xctest */;
			productType = "com.apple.product-type.bundle.ui-testing";
		};
/* End PBXNativeTarget section */

/* Begin PBXProject section */
		4DAF23D51FC5639F00906FDA /* Project object */ = {
			isa = PBXProject;
			attributes = {
				LastUpgradeCheck = 0900;
				ORGANIZATIONNAME = HB;
				TargetAttributes = {
					4DAF23DC1FC5639F00906FDA = {
						CreatedOnToolsVersion = 9.0.1;
						ProvisioningStyle = Automatic;
					};
					4DAF23F41FC563A000906FDA = {
						CreatedOnToolsVersion = 9.0.1;
						ProvisioningStyle = Automatic;
						TestTargetID = 4DAF23DC1FC5639F00906FDA;
					};
					4DAF23FF1FC563A000906FDA = {
						CreatedOnToolsVersion = 9.0.1;
						ProvisioningStyle = Automatic;
						TestTargetID = 4DAF23DC1FC5639F00906FDA;
					};
				};
			};
			buildConfigurationList = 4DAF23D81FC5639F00906FDA /* Build configuration list for PBXProject "HBTabbarFrame" */;
			compatibilityVersion = "Xcode 8.0";
			developmentRegion = en;
			hasScannedForEncodings = 0;
			knownRegions = (
				en,
				Base,
			);
			mainGroup = 4DAF23D41FC5639F00906FDA;
			productRefGroup = 4DAF23DE1FC5639F00906FDA /* Products */;
			projectDirPath = "";
			projectRoot = "";
			targets = (
				4DAF23DC1FC5639F00906FDA /* HBTabbarFrame */,
				4DAF23F41FC563A000906FDA /* HBTabbarFrameTests */,
				4DAF23FF1FC563A000906FDA /* HBTabbarFrameUITests */,
			);
		};
/* End PBXProject section */

/* Begin PBXResourcesBuildPhase section */
		4DAF23DB1FC5639F00906FDA /* Resources */ = {
			isa = PBXResourcesBuildPhase;
			buildActionMask = 2147483647;
			files = (
				FBECC1F31FD13F3E008FFB87 /* HBTabBarConfig.plist in Resources */,
				4DAF23ED1FC5639F00906FDA /* LaunchScreen.storyboard in Resources */,
				4DAF23EA1FC5639F00906FDA /* Assets.xcassets in Resources */,
			);
			runOnlyForDeploymentPostprocessing = 0;
		};
		4DAF23F31FC563A000906FDA /* Resources */ = {
			isa = PBXResourcesBuildPhase;
			buildActionMask = 2147483647;
			files = (
			);
			runOnlyForDeploymentPostprocessing = 0;
		};
		4DAF23FE1FC563A000906FDA /* Resources */ = {
			isa = PBXResourcesBuildPhase;
			buildActionMask = 2147483647;
			files = (
			);
			runOnlyForDeploymentPostprocessing = 0;
		};
/* End PBXResourcesBuildPhase section */

/* Begin PBXShellScriptBuildPhase section */
		2230FFE9DAFDABD259FA537E /* [CP] Check Pods Manifest.lock */ = {
			isa = PBXShellScriptBuildPhase;
			buildActionMask = 2147483647;
			files = (
			);
			inputPaths = (
				"${PODS_PODFILE_DIR_PATH}/Podfile.lock",
				"${PODS_ROOT}/Manifest.lock",
			);
			name = "[CP] Check Pods Manifest.lock";
			outputPaths = (
				"$(DERIVED_FILE_DIR)/Pods-HBTabbarFrame-checkManifestLockResult.txt",
			);
			runOnlyForDeploymentPostprocessing = 0;
			shellPath = /bin/sh;
			shellScript = "diff \"${PODS_PODFILE_DIR_PATH}/Podfile.lock\" \"${PODS_ROOT}/Manifest.lock\" > /dev/null\nif [ $? != 0 ] ; then\n    # print error to STDERR\n    echo \"error: The sandbox is not in sync with the Podfile.lock. Run 'pod install' or update your CocoaPods installation.\" >&2\n    exit 1\nfi\n# This output is used by Xcode 'outputs' to avoid re-running this script phase.\necho \"SUCCESS\" > \"${SCRIPT_OUTPUT_FILE_0}\"\n";
			showEnvVarsInLog = 0;
		};
		293E9476E7199ED1E19F19B8 /* [CP] Embed Pods Frameworks */ = {
			isa = PBXShellScriptBuildPhase;
			buildActionMask = 2147483647;
			files = (
			);
			inputPaths = (
			);
			name = "[CP] Embed Pods Frameworks";
			outputPaths = (
			);
			runOnlyForDeploymentPostprocessing = 0;
			shellPath = /bin/sh;
			shellScript = "\"${SRCROOT}/Pods/Target Support Files/Pods-HBTabbarFrame/Pods-HBTabbarFrame-frameworks.sh\"\n";
			showEnvVarsInLog = 0;
		};
		98C1B727A47087F93C3B7A92 /* [CP] Copy Pods Resources */ = {
			isa = PBXShellScriptBuildPhase;
			buildActionMask = 2147483647;
			files = (
			);
			inputPaths = (
				"${SRCROOT}/Pods/Target Support Files/Pods-HBTabbarFrame/Pods-HBTabbarFrame-resources.sh",
				"${PODS_ROOT}/MJRefresh/MJRefresh/MJRefresh.bundle",
			);
			name = "[CP] Copy Pods Resources";
			outputPaths = (
				"${TARGET_BUILD_DIR}/${UNLOCALIZED_RESOURCES_FOLDER_PATH}",
			);
			runOnlyForDeploymentPostprocessing = 0;
			shellPath = /bin/sh;
			shellScript = "\"${SRCROOT}/Pods/Target Support Files/Pods-HBTabbarFrame/Pods-HBTabbarFrame-resources.sh\"\n";
			showEnvVarsInLog = 0;
		};
/* End PBXShellScriptBuildPhase section */

/* Begin PBXSourcesBuildPhase section */
		4DAF23D91FC5639F00906FDA /* Sources */ = {
			isa = PBXSourcesBuildPhase;
			buildActionMask = 2147483647;
			files = (
				FBECC1E31FD13F3E008FFB87 /* HBWeakTimer.m in Sources */,
				FBECC1E51FD13F3E008FFB87 /* UIColor+Hex.m in Sources */,
				FBECC1DB1FD13F3E008FFB87 /* HBRefreshAutoNormalFooter.m in Sources */,
				FBECC1DC1FD13F3E008FFB87 /* HBAlertToastView.m in Sources */,
				4DAF23F01FC5639F00906FDA /* main.m in Sources */,
				FBECC1E71FD13F3E008FFB87 /* NSDateFormatter+singleton.m in Sources */,
				FBECC1F41FD13F3E008FFB87 /* HBTabBarCenterItem.m in Sources */,
				FBECC1F11FD13F3E008FFB87 /* HBTabBarController.m in Sources */,
				FBECC1E11FD13F3E008FFB87 /* HBUtils.m in Sources */,
				FBECC1DF1FD13F3E008FFB87 /* HBReachability.m in Sources */,
				FBECC1E21FD13F3E008FFB87 /* HBAlertView.m in Sources */,
				FBECC1F01FD13F3E008FFB87 /* HBTabBarItemProperty.m in Sources */,
				FBECC1EE1FD13F3E008FFB87 /* HBNavigationController.m in Sources */,
				FBECC1E61FD13F3E008FFB87 /* UIView+Frame.m in Sources */,
				FBECC1E01FD13F3E008FFB87 /* HBNetwork.m in Sources */,
				FBECC1F21FD13F3E008FFB87 /* HBTabBarControllerMange.m in Sources */,
				FBECC1EC1FD13F3E008FFB87 /* HBFrameConfig.m in Sources */,
				FBECC1D91FD13F3E008FFB87 /* HBRefreshNormalHeader.m in Sources */,
				4DAF23E21FC5639F00906FDA /* AppDelegate.m in Sources */,
				FBECC1DE1FD13F3E008FFB87 /* HBHUD.m in Sources */,
				FBECC1E41FD13F3E008FFB87 /* NSString+Tools.m in Sources */,
				FBECC1DA1FD13F3E008FFB87 /* UITableView+Refersh.m in Sources */,
				FBECC1E81FD13F3E008FFB87 /* NSObject+Help.m in Sources */,
				FBECC1ED1FD13F3E008FFB87 /* HBPreferences.m in Sources */,
				FBECC1EF1FD13F3E008FFB87 /* HBViewController.m in Sources */,
				FBECC1F51FD13F3E008FFB87 /* HBTabBar.m in Sources */,
				FBECC1EB1FD13F3E008FFB87 /* HBMainViewController.m in Sources */,
				FBECC1DD1FD13F3E008FFB87 /* HBPromptView.m in Sources */,
				FBECC1EA1FD13F3E008FFB87 /* HBTestViewController.m in Sources */,
				FBECC1E91FD13F3E008FFB87 /* HBMeViewController.m in Sources */,
			);
			runOnlyForDeploymentPostprocessing = 0;
		};
		4DAF23F11FC563A000906FDA /* Sources */ = {
			isa = PBXSourcesBuildPhase;
			buildActionMask = 2147483647;
			files = (
				4DAF23FA1FC563A000906FDA /* HBTabbarFrameTests.m in Sources */,
			);
			runOnlyForDeploymentPostprocessing = 0;
		};
		4DAF23FC1FC563A000906FDA /* Sources */ = {
			isa = PBXSourcesBuildPhase;
			buildActionMask = 2147483647;
			files = (
				4DAF24051FC563A000906FDA /* HBTabbarFrameUITests.m in Sources */,
			);
			runOnlyForDeploymentPostprocessing = 0;
		};
/* End PBXSourcesBuildPhase section */

/* Begin PBXTargetDependency section */
		4DAF23F71FC563A000906FDA /* PBXTargetDependency */ = {
			isa = PBXTargetDependency;
			target = 4DAF23DC1FC5639F00906FDA /* HBTabbarFrame */;
			targetProxy = 4DAF23F61FC563A000906FDA /* PBXContainerItemProxy */;
		};
		4DAF24021FC563A000906FDA /* PBXTargetDependency */ = {
			isa = PBXTargetDependency;
			target = 4DAF23DC1FC5639F00906FDA /* HBTabbarFrame */;
			targetProxy = 4DAF24011FC563A000906FDA /* PBXContainerItemProxy */;
		};
/* End PBXTargetDependency section */

/* Begin PBXVariantGroup section */
		4DAF23EB1FC5639F00906FDA /* LaunchScreen.storyboard */ = {
			isa = PBXVariantGroup;
			children = (
				4DAF23EC1FC5639F00906FDA /* Base */,
			);
			name = LaunchScreen.storyboard;
			sourceTree = "<group>";
		};
/* End PBXVariantGroup section */

/* Begin XCBuildConfiguration section */
		4DAF24071FC563A000906FDA /* Debug */ = {
			isa = XCBuildConfiguration;
			buildSettings = {
				ALWAYS_SEARCH_USER_PATHS = NO;
				CLANG_ANALYZER_NONNULL = YES;
				CLANG_ANALYZER_NUMBER_OBJECT_CONVERSION = YES_AGGRESSIVE;
				CLANG_CXX_LANGUAGE_STANDARD = "gnu++14";
				CLANG_CXX_LIBRARY = "libc++";
				CLANG_ENABLE_MODULES = YES;
				CLANG_ENABLE_OBJC_ARC = YES;
				CLANG_WARN_BLOCK_CAPTURE_AUTORELEASING = YES;
				CLANG_WARN_BOOL_CONVERSION = YES;
				CLANG_WARN_COMMA = YES;
				CLANG_WARN_CONSTANT_CONVERSION = YES;
				CLANG_WARN_DIRECT_OBJC_ISA_USAGE = YES_ERROR;
				CLANG_WARN_DOCUMENTATION_COMMENTS = YES;
				CLANG_WARN_EMPTY_BODY = YES;
				CLANG_WARN_ENUM_CONVERSION = YES;
				CLANG_WARN_INFINITE_RECURSION = YES;
				CLANG_WARN_INT_CONVERSION = YES;
				CLANG_WARN_NON_LITERAL_NULL_CONVERSION = YES;
				CLANG_WARN_OBJC_LITERAL_CONVERSION = YES;
				CLANG_WARN_OBJC_ROOT_CLASS = YES_ERROR;
				CLANG_WARN_RANGE_LOOP_ANALYSIS = YES;
				CLANG_WARN_STRICT_PROTOTYPES = YES;
				CLANG_WARN_SUSPICIOUS_MOVE = YES;
				CLANG_WARN_UNGUARDED_AVAILABILITY = YES_AGGRESSIVE;
				CLANG_WARN_UNREACHABLE_CODE = YES;
				CLANG_WARN__DUPLICATE_METHOD_MATCH = YES;
				CODE_SIGN_IDENTITY = "iPhone Developer";
				COPY_PHASE_STRIP = NO;
				DEBUG_INFORMATION_FORMAT = dwarf;
				ENABLE_STRICT_OBJC_MSGSEND = YES;
				ENABLE_TESTABILITY = YES;
				GCC_C_LANGUAGE_STANDARD = gnu11;
				GCC_DYNAMIC_NO_PIC = NO;
				GCC_NO_COMMON_BLOCKS = YES;
				GCC_OPTIMIZATION_LEVEL = 0;
				GCC_PREPROCESSOR_DEFINITIONS = (
					"DEBUG=1",
					"$(inherited)",
				);
				GCC_WARN_64_TO_32_BIT_CONVERSION = YES;
				GCC_WARN_ABOUT_RETURN_TYPE = YES_ERROR;
				GCC_WARN_UNDECLARED_SELECTOR = YES;
				GCC_WARN_UNINITIALIZED_AUTOS = YES_AGGRESSIVE;
				GCC_WARN_UNUSED_FUNCTION = YES;
				GCC_WARN_UNUSED_VARIABLE = YES;
				IPHONEOS_DEPLOYMENT_TARGET = 8.0;
				MTL_ENABLE_DEBUG_INFO = YES;
				ONLY_ACTIVE_ARCH = YES;
				SDKROOT = iphoneos;
			};
			name = Debug;
		};
		4DAF24081FC563A000906FDA /* Release */ = {
			isa = XCBuildConfiguration;
			buildSettings = {
				ALWAYS_SEARCH_USER_PATHS = NO;
				CLANG_ANALYZER_NONNULL = YES;
				CLANG_ANALYZER_NUMBER_OBJECT_CONVERSION = YES_AGGRESSIVE;
				CLANG_CXX_LANGUAGE_STANDARD = "gnu++14";
				CLANG_CXX_LIBRARY = "libc++";
				CLANG_ENABLE_MODULES = YES;
				CLANG_ENABLE_OBJC_ARC = YES;
				CLANG_WARN_BLOCK_CAPTURE_AUTORELEASING = YES;
				CLANG_WARN_BOOL_CONVERSION = YES;
				CLANG_WARN_COMMA = YES;
				CLANG_WARN_CONSTANT_CONVERSION = YES;
				CLANG_WARN_DIRECT_OBJC_ISA_USAGE = YES_ERROR;
				CLANG_WARN_DOCUMENTATION_COMMENTS = YES;
				CLANG_WARN_EMPTY_BODY = YES;
				CLANG_WARN_ENUM_CONVERSION = YES;
				CLANG_WARN_INFINITE_RECURSION = YES;
				CLANG_WARN_INT_CONVERSION = YES;
				CLANG_WARN_NON_LITERAL_NULL_CONVERSION = YES;
				CLANG_WARN_OBJC_LITERAL_CONVERSION = YES;
				CLANG_WARN_OBJC_ROOT_CLASS = YES_ERROR;
				CLANG_WARN_RANGE_LOOP_ANALYSIS = YES;
				CLANG_WARN_STRICT_PROTOTYPES = YES;
				CLANG_WARN_SUSPICIOUS_MOVE = YES;
				CLANG_WARN_UNGUARDED_AVAILABILITY = YES_AGGRESSIVE;
				CLANG_WARN_UNREACHABLE_CODE = YES;
				CLANG_WARN__DUPLICATE_METHOD_MATCH = YES;
				CODE_SIGN_IDENTITY = "iPhone Developer";
				COPY_PHASE_STRIP = NO;
				DEBUG_INFORMATION_FORMAT = "dwarf-with-dsym";
				ENABLE_NS_ASSERTIONS = NO;
				ENABLE_STRICT_OBJC_MSGSEND = YES;
				GCC_C_LANGUAGE_STANDARD = gnu11;
				GCC_NO_COMMON_BLOCKS = YES;
				GCC_WARN_64_TO_32_BIT_CONVERSION = YES;
				GCC_WARN_ABOUT_RETURN_TYPE = YES_ERROR;
				GCC_WARN_UNDECLARED_SELECTOR = YES;
				GCC_WARN_UNINITIALIZED_AUTOS = YES_AGGRESSIVE;
				GCC_WARN_UNUSED_FUNCTION = YES;
				GCC_WARN_UNUSED_VARIABLE = YES;
				IPHONEOS_DEPLOYMENT_TARGET = 8.0;
				MTL_ENABLE_DEBUG_INFO = NO;
				SDKROOT = iphoneos;
				VALIDATE_PRODUCT = YES;
			};
			name = Release;
		};
		4DAF240A1FC563A000906FDA /* Debug */ = {
			isa = XCBuildConfiguration;
			baseConfigurationReference = 878C245B243AF2F1E5C8B64D /* Pods-HBTabbarFrame.debug.xcconfig */;
			buildSettings = {
				ASSETCATALOG_COMPILER_APPICON_NAME = AppIcon;
				ASSETCATALOG_COMPILER_LAUNCHIMAGE_NAME = LaunchImage;
				"CODE_SIGN_IDENTITY[sdk=iphoneos*]" = "iPhone Developer";
				CODE_SIGN_STYLE = Automatic;
				DEVELOPMENT_TEAM = J8FEZHZ57F;
				INFOPLIST_FILE = HBTabbarFrame/Info.plist;
				IPHONEOS_DEPLOYMENT_TARGET = 8.0;
				LD_RUNPATH_SEARCH_PATHS = "$(inherited) @executable_path/Frameworks";
				PRODUCT_BUNDLE_IDENTIFIER = HB.HBTabbarFrame;
				PRODUCT_NAME = "$(TARGET_NAME)";
				PROVISIONING_PROFILE = "";
				PROVISIONING_PROFILE_SPECIFIER = "";
				TARGETED_DEVICE_FAMILY = 1;
			};
			name = Debug;
		};
		4DAF240B1FC563A000906FDA /* Release */ = {
			isa = XCBuildConfiguration;
			baseConfigurationReference = 4D297AF56F4B815BE9D2DFCD /* Pods-HBTabbarFrame.release.xcconfig */;
			buildSettings = {
				ASSETCATALOG_COMPILER_APPICON_NAME = AppIcon;
				ASSETCATALOG_COMPILER_LAUNCHIMAGE_NAME = LaunchImage;
				"CODE_SIGN_IDENTITY[sdk=iphoneos*]" = "iPhone Developer";
				CODE_SIGN_STYLE = Automatic;
				DEVELOPMENT_TEAM = J8FEZHZ57F;
				INFOPLIST_FILE = HBTabbarFrame/Info.plist;
				IPHONEOS_DEPLOYMENT_TARGET = 8.0;
				LD_RUNPATH_SEARCH_PATHS = "$(inherited) @executable_path/Frameworks";
				PRODUCT_BUNDLE_IDENTIFIER = HB.HBTabbarFrame;
				PRODUCT_NAME = "$(TARGET_NAME)";
				PROVISIONING_PROFILE_SPECIFIER = "";
				TARGETED_DEVICE_FAMILY = 1;
			};
			name = Release;
		};
		4DAF240D1FC563A000906FDA /* Debug */ = {
			isa = XCBuildConfiguration;
			buildSettings = {
				BUNDLE_LOADER = "$(TEST_HOST)";
				CODE_SIGN_STYLE = Automatic;
				DEVELOPMENT_TEAM = J8FEZHZ57F;
				INFOPLIST_FILE = HBTabbarFrameTests/Info.plist;
				LD_RUNPATH_SEARCH_PATHS = "$(inherited) @executable_path/Frameworks @loader_path/Frameworks";
				PRODUCT_BUNDLE_IDENTIFIER = HB.HBTabbarFrameTests;
				PRODUCT_NAME = "$(TARGET_NAME)";
				TARGETED_DEVICE_FAMILY = "1,2";
				TEST_HOST = "$(BUILT_PRODUCTS_DIR)/HBTabbarFrame.app/HBTabbarFrame";
			};
			name = Debug;
		};
		4DAF240E1FC563A000906FDA /* Release */ = {
			isa = XCBuildConfiguration;
			buildSettings = {
				BUNDLE_LOADER = "$(TEST_HOST)";
				CODE_SIGN_STYLE = Automatic;
				DEVELOPMENT_TEAM = J8FEZHZ57F;
				INFOPLIST_FILE = HBTabbarFrameTests/Info.plist;
				LD_RUNPATH_SEARCH_PATHS = "$(inherited) @executable_path/Frameworks @loader_path/Frameworks";
				PRODUCT_BUNDLE_IDENTIFIER = HB.HBTabbarFrameTests;
				PRODUCT_NAME = "$(TARGET_NAME)";
				TARGETED_DEVICE_FAMILY = "1,2";
				TEST_HOST = "$(BUILT_PRODUCTS_DIR)/HBTabbarFrame.app/HBTabbarFrame";
			};
			name = Release;
		};
		4DAF24101FC563A000906FDA /* Debug */ = {
			isa = XCBuildConfiguration;
			buildSettings = {
				CODE_SIGN_STYLE = Automatic;
				DEVELOPMENT_TEAM = J8FEZHZ57F;
				INFOPLIST_FILE = HBTabbarFrameUITests/Info.plist;
				LD_RUNPATH_SEARCH_PATHS = "$(inherited) @executable_path/Frameworks @loader_path/Frameworks";
				PRODUCT_BUNDLE_IDENTIFIER = HB.HBTabbarFrameUITests;
				PRODUCT_NAME = "$(TARGET_NAME)";
				TARGETED_DEVICE_FAMILY = "1,2";
				TEST_TARGET_NAME = HBTabbarFrame;
			};
			name = Debug;
		};
		4DAF24111FC563A000906FDA /* Release */ = {
			isa = XCBuildConfiguration;
			buildSettings = {
				CODE_SIGN_STYLE = Automatic;
				DEVELOPMENT_TEAM = J8FEZHZ57F;
				INFOPLIST_FILE = HBTabbarFrameUITests/Info.plist;
				LD_RUNPATH_SEARCH_PATHS = "$(inherited) @executable_path/Frameworks @loader_path/Frameworks";
				PRODUCT_BUNDLE_IDENTIFIER = HB.HBTabbarFrameUITests;
				PRODUCT_NAME = "$(TARGET_NAME)";
				TARGETED_DEVICE_FAMILY = "1,2";
				TEST_TARGET_NAME = HBTabbarFrame;
			};
			name = Release;
		};
/* End XCBuildConfiguration section */

/* Begin XCConfigurationList section */
		4DAF23D81FC5639F00906FDA /* Build configuration list for PBXProject "HBTabbarFrame" */ = {
			isa = XCConfigurationList;
			buildConfigurations = (
				4DAF24071FC563A000906FDA /* Debug */,
				4DAF24081FC563A000906FDA /* Release */,
			);
			defaultConfigurationIsVisible = 0;
			defaultConfigurationName = Release;
		};
		4DAF24091FC563A000906FDA /* Build configuration list for PBXNativeTarget "HBTabbarFrame" */ = {
			isa = XCConfigurationList;
			buildConfigurations = (
				4DAF240A1FC563A000906FDA /* Debug */,
				4DAF240B1FC563A000906FDA /* Release */,
			);
			defaultConfigurationIsVisible = 0;
			defaultConfigurationName = Release;
		};
		4DAF240C1FC563A000906FDA /* Build configuration list for PBXNativeTarget "HBTabbarFrameTests" */ = {
			isa = XCConfigurationList;
			buildConfigurations = (
				4DAF240D1FC563A000906FDA /* Debug */,
				4DAF240E1FC563A000906FDA /* Release */,
			);
			defaultConfigurationIsVisible = 0;
			defaultConfigurationName = Release;
		};
		4DAF240F1FC563A000906FDA /* Build configuration list for PBXNativeTarget "HBTabbarFrameUITests" */ = {
			isa = XCConfigurationList;
			buildConfigurations = (
				4DAF24101FC563A000906FDA /* Debug */,
				4DAF24111FC563A000906FDA /* Release */,
			);
			defaultConfigurationIsVisible = 0;
			defaultConfigurationName = Release;
		};
/* End XCConfigurationList section */
	};
	rootObject = 4DAF23D51FC5639F00906FDA /* Project object */;
}
